{
  "lockfileVersion": 1,
  "configVersion": 1,
  "workspaces": {
    "": {
      "name": "bsky-viz",
      "dependencies": {
        "@ipld/car": "^5.3.0",
        "@ipld/dag-cbor": "^9.2.0",
        "hono": "^4.0.0",
        "multiformats": "^13.0.0",
      },
      "devDependencies": {
        "@types/bun": "latest",
        "typescript": "^5.4.0",
      },
    },
  },
  "packages": {
    "@ipld/car": ["@ipld/car@5.4.3", "", { "dependencies": { "@ipld/dag-cbor": "^9.0.7", "cborg": "^5.0.0", "multiformats": "^13.0.0", "varint": "^6.0.0" } }, "sha512-+6QHy+9sLov1K28PmazHyqEmD5oDeMWa3mwxst8rt5OsP7CmEexwYDOflGSjPDOUWgHQ4WabQnBSZfXKvZ0DUw=="],

    "@ipld/dag-cbor": ["@ipld/dag-cbor@9.2.6", "", { "dependencies": { "cborg": "^5.0.1", "multiformats": "^13.1.0" } }, "sha512-vZGJ84Em2jCVAS7td5gc08YTVN8/s4bTQxg4pU77PAXDAR/yLYOthOvkCu01fdl1lrZwz47RdUterxdkrs3p5A=="],

    "@types/bun": ["@types/bun@1.3.11", "", { "dependencies": { "bun-types": "1.3.11" } }, "sha512-5vPne5QvtpjGpsGYXiFyycfpDF2ECyPcTSsFBMa0fraoxiQyMJ3SmuQIGhzPg2WJuWxVBoxWJ2kClYTcw/4fAg=="],

    "@types/node": ["@types/node@25.5.2", "", { "dependencies": { "undici-types": "~7.18.0" } }, "sha512-tO4ZIRKNC+MDWV4qKVZe3Ql/woTnmHDr5JD8UI5hn2pwBrHEwOEMZK7WlNb5RKB6EoJ02gwmQS9OrjuFnZYdpg=="],

    "bun-types": ["bun-types@1.3.11", "", { "dependencies": { "@types/node": "*" } }, "sha512-1KGPpoxQWl9f6wcZh57LvrPIInQMn2TQ7jsgxqpRzg+l0QPOFvJVH7HmvHo/AiPgwXy+/Thf6Ov3EdVn1vOabg=="],

    "cborg": ["cborg@5.0.1", "", { "bin": { "cborg": "lib/bin.js" } }, "sha512-3UinwdU6Qtr60sLhCpfjh+/jXleI2+8TMaWaZSO3Zx6YxWlPgGsyA01tRitT2KXbHTZrKcx3vaMIbkdXP8AfPw=="],

    "hono": ["hono@4.12.10", "", {}, "sha512-mx/p18PLy5og9ufies2GOSUqep98Td9q4i/EF6X7yJgAiIopxqdfIO3jbqsi3jRgTgw88jMDEzVKi+V2EF+27w=="],

    "multiformats": ["multiformats@13.4.2", "", {}, "sha512-eh6eHCrRi1+POZ3dA+Dq1C6jhP1GNtr9CRINMb67OKzqW9I5DUuZM/3jLPlzhgpGeiNUlEGEbkCYChXMCc/8DQ=="],

    "typescript": ["typescript@5.9.3", "", { "bin": { "tsc": "bin/tsc", "tsserver": "bin/tsserver" } }, "sha512-jl1vZzPDinLr9eUt3J/t7V6FgNEw9QjvBPdysz9KfQDD41fQrC2Y4vKQdiaUpFT4bXlb1RHhLpp8wtm6M5TgSw=="],

    "undici-types": ["undici-types@7.18.2", "", {}, "sha512-AsuCzffGHJybSaRrmr5eHr81mwJU3kjw6M+uprWvCXiNeN9SOGwQ3Jn8jb8m3Z6izVgknn1R0FTCEAP2QrLY/w=="],

    "varint": ["varint@6.0.0", "", {}, "sha512-cXEIW6cfr15lFv563k4GuVuW/fiwjknytD37jIOLSdSWuOI6WnO/oKwmP2FQTU2l01LP8/M5TSAJpzUaGe3uWg=="],
  }
}
